{
  "name": "matrix-engine-examples",
  "version": "1.0.0",
  "lockfileVersion": 1,
  "requires": true,
  "dependencies": {
    "matrix-engine": {
      "version": "1.1.1",
      "resolved": "https://registry.npmjs.org/matrix-engine/-/matrix-engine-1.1.1.tgz",
      "integrity": "sha512-W8wiV6/x9X+z2JQofDr/dXgyFdGEBaYGnmYIdbkuDKTte3sLHQAnlM0h54IW0wSBqM0k6NBZEOovX++xwXDdGw=="
    }
  }
}
