{
  "name": "test-matrix-engine",
  "version": "1.0.1",
  "lockfileVersion": 1,
  "requires": true,
  "dependencies": {
    "matrix-engine": {
      "version": "1.0.4",
      "resolved": "https://registry.npmjs.org/matrix-engine/-/matrix-engine-1.0.4.tgz",
      "integrity": "sha512-PO6CcNmLnLapWhoDUj215YPM/RA91eYvuKQY/ZVF/4jE51nbpEkSGOIdp7FmhmH/slkFtFlii0jYeVp1kYDtCw=="
    }
  }
}
